PODS:
  - ConnectIQ (1.5)
  - Flutter (1.0.0)
  - watch_connectivity (0.0.1):
    - Flutter
  - watch_connectivity_garmin (0.0.1):
    - ConnectIQ
    - Flutter

DEPENDENCIES:
  - ConnectIQ (from `https://github.com/Rexios80/ConnectIQ-pod`, tag `0.2.0`)
  - Flutter (from `Flutter`)
  - watch_connectivity (from `.symlinks/plugins/watch_connectivity/ios`)
  - watch_connectivity_garmin (from `.symlinks/plugins/watch_connectivity_garmin/ios`)

EXTERNAL SOURCES:
  ConnectIQ:
    :git: https://github.com/Rexios80/ConnectIQ-pod
    :tag: 0.2.0
  Flutter:
    :path: Flutter
  watch_connectivity:
    :path: ".symlinks/plugins/watch_connectivity/ios"
  watch_connectivity_garmin:
    :path: ".symlinks/plugins/watch_connectivity_garmin/ios"

CHECKOUT OPTIONS:
  ConnectIQ:
    :git: https://github.com/Rexios80/ConnectIQ-pod
    :tag: 0.2.0

SPEC CHECKSUMS:
  ConnectIQ: 7cc6b7a381ce43d7024684c1ff18696fe1f9affe
  Flutter: 50d75fe2f02b26cc09d224853bb45737f8b3214a
  watch_connectivity: 715eb484685e05846eab74795348a44bb2809b82
  watch_connectivity_garmin: 13ce5b37759f0211142f91084718a3aeacefc34c

PODFILE CHECKSUM: c150008657800dd386cf6899db1dc714ebd2104c

COCOAPODS: 1.11.3
