PODS:
  - Flutter (1.0.0)
  - watch_connectivity (0.0.1):
    - Flutter

DEPENDENCIES:
  - Flutter (from `Flutter`)
  - watch_connectivity (from `.symlinks/plugins/watch_connectivity/ios`)

EXTERNAL SOURCES:
  Flutter:
    :path: Flutter
  watch_connectivity:
    :path: ".symlinks/plugins/watch_connectivity/ios"

SPEC CHECKSUMS:
  Flutter: 50d75fe2f02b26cc09d224853bb45737f8b3214a
  watch_connectivity: a4be0337efd178d5e9e3eb1c106a0496a28393bc

PODFILE CHECKSUM: 1506cf7ef05944574c7b7b8fa334afa589040c32

COCOAPODS: 1.11.2
